{
  "object": {
    "pins": [
      {
        "package": "abseil",
        "repositoryURL": "https://github.com/firebase/abseil-cpp-SwiftPM.git",
        "state": {
          "branch": null,
          "revision": "583de9bd60f66b40e78d08599cc92036c2e7e4e1",
          "version": "0.20220203.2"
        }
      },
      {
        "package": "Alamofire",
        "repositoryURL": "https://github.com/Alamofire/Alamofire.git",
        "state": {
          "branch": null,
          "revision": "8dd85aee02e39dd280c75eef88ffdb86eed4b07b",
          "version": "5.6.2"
        }
      },
      {
        "package": "BetterSafariView",
        "repositoryURL": "https://github.com/stleamist/BetterSafariView.git",
        "state": {
          "branch": null,
          "revision": "be7248720af18c57c7a1348b20f6212379b28c6b",
          "version": "2.4.0"
        }
      },
      {
        "package": "BoringSSL-GRPC",
        "repositoryURL": "https://github.com/firebase/boringssl-SwiftPM.git",
        "state": {
          "branch": null,
          "revision": "dd3eda2b05a3f459fc3073695ad1b28659066eab",
          "version": "0.9.1"
        }
      },
      {
        "package": "CollectionConcurrencyKit",
        "repositoryURL": "https://github.com/JohnSundell/CollectionConcurrencyKit.git",
        "state": {
          "branch": null,
          "revision": "b4f23e24b5a1bff301efc5e70871083ca029ff95",
          "version": "0.2.0"
        }
      },
      {
        "package": "Firebase",
        "repositoryURL": "https://github.com/firebase/firebase-ios-sdk",
        "state": {
          "branch": null,
          "revision": "7e80c25b51c2ffa238879b07fbfc5baa54bb3050",
          "version": "9.6.0"
        }
      },
      {
        "package": "GoogleAppMeasurement",
        "repositoryURL": "https://github.com/google/GoogleAppMeasurement.git",
        "state": {
          "branch": null,
          "revision": "c1cfde8067668027b23a42c29d11c246152fe046",
          "version": "9.6.0"
        }
      },
      {
        "package": "GoogleDataTransport",
        "repositoryURL": "https://github.com/google/GoogleDataTransport.git",
        "state": {
          "branch": null,
          "revision": "5056b15c5acbb90cd214fe4d6138bdf5a740e5a8",
          "version": "9.2.0"
        }
      },
      {
        "package": "GoogleMobileAds",
        "repositoryURL": "https://github.com/quanghits/GoogleMobileAds",
        "state": {
          "branch": null,
          "revision": "271e6d6bc1d7756a88fe82df558145a264a34331",
          "version": "9.8.0"
        }
      },
      {
        "package": "GoogleUserMessagingPlatform",
        "repositoryURL": "https://github.com/quanghits/GoogleUserMessagingPlatform.git",
        "state": {
          "branch": null,
          "revision": "f322d91b6b0497b727b228a5fa5b9394e7886d3a",
          "version": "2.0.0"
        }
      },
      {
        "package": "GoogleUtilities",
        "repositoryURL": "https://github.com/google/GoogleUtilities.git",
        "state": {
          "branch": null,
          "revision": "68ea347bdb1a69e2d2ae2e25cd085b6ef92f64cb",
          "version": "7.9.0"
        }
      },
      {
        "package": "gRPC",
        "repositoryURL": "https://github.com/grpc/grpc-ios.git",
        "state": {
          "branch": null,
          "revision": "8440b914756e0d26d4f4d054a1c1581daedfc5b6",
          "version": "1.44.3-grpc"
        }
      },
      {
        "package": "GTMSessionFetcher",
        "repositoryURL": "https://github.com/google/gtm-session-fetcher.git",
        "state": {
          "branch": null,
          "revision": "d4289da23e978f37c344ea6a386e5546e2466294",
          "version": "2.1.0"
        }
      },
      {
        "package": "KeychainAccess",
        "repositoryURL": "https://github.com/kishikawakatsumi/KeychainAccess.git",
        "state": {
          "branch": null,
          "revision": "84e546727d66f1adc5439debad16270d0fdd04e7",
          "version": "4.2.2"
        }
      },
      {
        "package": "leveldb",
        "repositoryURL": "https://github.com/firebase/leveldb.git",
        "state": {
          "branch": null,
          "revision": "0706abcc6b0bd9cedfbb015ba840e4a780b5159b",
          "version": "1.22.2"
        }
      },
      {
        "package": "nanopb",
        "repositoryURL": "https://github.com/firebase/nanopb.git",
        "state": {
          "branch": null,
          "revision": "819d0a2173aff699fb8c364b6fb906f7cdb1a692",
          "version": "2.30909.0"
        }
      },
      {
        "package": "Promises",
        "repositoryURL": "https://github.com/google/promises.git",
        "state": {
          "branch": null,
          "revision": "3e4e743631e86c8c70dbc6efdc7beaa6e90fd3bb",
          "version": "2.1.1"
        }
      },
      {
        "package": "RealmDatabase",
        "repositoryURL": "https://github.com/realm/realm-core",
        "state": {
          "branch": null,
          "revision": "18abbb4e9dc268620fa499923a92921bf26db8c6",
          "version": "12.7.0"
        }
      },
      {
        "package": "Realm",
        "repositoryURL": "https://github.com/realm/realm-swift",
        "state": {
          "branch": null,
          "revision": "437fd367c4fcdaf7c532f1f40cb4ed5fab804e7c",
          "version": "10.30.0"
        }
      },
      {
        "package": "SDWebImage",
        "repositoryURL": "https://github.com/SDWebImage/SDWebImage.git",
        "state": {
          "branch": null,
          "revision": "484bc774e1091f622c4856e576ff957b29403676",
          "version": "5.13.3"
        }
      },
      {
        "package": "SDWebImageSwiftUI",
        "repositoryURL": "https://github.com/SDWebImage/SDWebImageSwiftUI",
        "state": {
          "branch": null,
          "revision": "ed288667c909c89127ab1b690113a3e397af3098",
          "version": "2.2.1"
        }
      },
      {
        "package": "SourceKitten",
        "repositoryURL": "https://github.com/jpsim/SourceKitten.git",
        "state": {
          "branch": null,
          "revision": "b5f9bb749057dd396e93f97956bef64672bc2a04",
          "version": "0.33.0"
        }
      },
      {
        "package": "swift-argument-parser",
        "repositoryURL": "https://github.com/apple/swift-argument-parser.git",
        "state": {
          "branch": null,
          "revision": "9f39744e025c7d377987f30b03770805dcb0bcd1",
          "version": "1.1.4"
        }
      },
      {
        "package": "SwiftProtobuf",
        "repositoryURL": "https://github.com/apple/swift-protobuf.git",
        "state": {
          "branch": null,
          "revision": "88c7d15e1242fdb6ecbafbc7926426a19be1e98a",
          "version": "1.20.2"
        }
      },
      {
        "package": "SwiftSyntax",
        "repositoryURL": "https://github.com/apple/swift-syntax.git",
        "state": {
          "branch": null,
          "revision": "0b6c22b97f8e9320bca62e82cdbee601cf37ad3f",
          "version": "0.50600.1"
        }
      },
      {
        "package": "SwiftLint",
        "repositoryURL": "https://github.com/realm/SwiftLint",
        "state": {
          "branch": null,
          "revision": "57dc1c9532d660ff547dd8ba2176ad82c1175787",
          "version": "0.49.1"
        }
      },
      {
        "package": "Introspect",
        "repositoryURL": "https://github.com/siteline/SwiftUI-Introspect",
        "state": {
          "branch": null,
          "revision": "f2616860a41f9d9932da412a8978fec79c06fe24",
          "version": "0.1.4"
        }
      },
      {
        "package": "SwiftyBeaver",
        "repositoryURL": "https://github.com/SwiftyBeaver/SwiftyBeaver.git",
        "state": {
          "branch": null,
          "revision": "12b5acf96d98f91d50de447369bd18df74600f1a",
          "version": "1.9.6"
        }
      },
      {
        "package": "SwiftyTextTable",
        "repositoryURL": "https://github.com/scottrhoyt/SwiftyTextTable.git",
        "state": {
          "branch": null,
          "revision": "c6df6cf533d120716bff38f8ff9885e1ce2a4ac3",
          "version": "0.9.0"
        }
      },
      {
        "package": "SWXMLHash",
        "repositoryURL": "https://github.com/drmohundro/SWXMLHash.git",
        "state": {
          "branch": null,
          "revision": "4d0f62f561458cbe1f732171e625f03195151b60",
          "version": "7.0.1"
        }
      },
      {
        "package": "Yams",
        "repositoryURL": "https://github.com/jpsim/Yams.git",
        "state": {
          "branch": null,
          "revision": "01835dc202670b5bb90d07f3eae41867e9ed29f6",
          "version": "5.0.1"
        }
      }
    ]
  },
  "version": 1
}
