// !$*UTF8*$!
{
	archiveVersion = 1;
	classes = {
	};
	objectVersion = 56;
	objects = {

/* Begin PBXBuildFile section */
		102F38B529334BCF001E1FD5 /* SplitNavigationViewStyle.swift in Sources */ = {isa = PBXBuildFile; fileRef = 102F38B429334BCF001E1FD5 /* SplitNavigationViewStyle.swift */; };
		102F38BD2933570F001E1FD5 /* SFSymbols.swift in Sources */ = {isa = PBXBuildFile; fileRef = 102F38BC2933570F001E1FD5 /* SFSymbols.swift */; };
		102F38C0293357D4001E1FD5 /* SPButtonStyle.swift in Sources */ = {isa = PBXBuildFile; fileRef = 102F38BF293357D4001E1FD5 /* SPButtonStyle.swift */; };
		102F38C229336A80001E1FD5 /* MyPageView.swift in Sources */ = {isa = PBXBuildFile; fileRef = 102F38C129336A80001E1FD5 /* MyPageView.swift */; };
		102F38CF29336BF5001E1FD5 /* RealmCoopWave.swift in Sources */ = {isa = PBXBuildFile; fileRef = 102F38CB29336BF5001E1FD5 /* RealmCoopWave.swift */; };
		102F38D029336BF5001E1FD5 /* RealmCoopPlayer.swift in Sources */ = {isa = PBXBuildFile; fileRef = 102F38CC29336BF5001E1FD5 /* RealmCoopPlayer.swift */; };
		102F38D129336BF5001E1FD5 /* RealmCoopSchedule.swift in Sources */ = {isa = PBXBuildFile; fileRef = 102F38CD29336BF5001E1FD5 /* RealmCoopSchedule.swift */; };
		102F38D229336BF5001E1FD5 /* RealmCoopResult.swift in Sources */ = {isa = PBXBuildFile; fileRef = 102F38CE29336BF5001E1FD5 /* RealmCoopResult.swift */; };
		102F38D429337692001E1FD5 /* ResultsView.swift in Sources */ = {isa = PBXBuildFile; fileRef = 102F38D329337692001E1FD5 /* ResultsView.swift */; };
		102F38DA293378E2001E1FD5 /* SignInButton.swift in Sources */ = {isa = PBXBuildFile; fileRef = 102F38D9293378E2001E1FD5 /* SignInButton.swift */; };
		102F38DD29337A7C001E1FD5 /* ResultElement.swift in Sources */ = {isa = PBXBuildFile; fileRef = 102F38DC29337A7C001E1FD5 /* ResultElement.swift */; };
		102F38DF29337AF2001E1FD5 /* SwiftUI+View.swift in Sources */ = {isa = PBXBuildFile; fileRef = 102F38DE29337AF2001E1FD5 /* SwiftUI+View.swift */; };
		102F38E229337B36001E1FD5 /* FontType.swift in Sources */ = {isa = PBXBuildFile; fileRef = 102F38E129337B36001E1FD5 /* FontType.swift */; };
		102F38E429337CC1001E1FD5 /* RealmService.swift in Sources */ = {isa = PBXBuildFile; fileRef = 102F38E329337CC1001E1FD5 /* RealmService.swift */; };
		102F38E629338E1E001E1FD5 /* IconType.swift in Sources */ = {isa = PBXBuildFile; fileRef = 102F38E529338E1E001E1FD5 /* IconType.swift */; };
		102F38EE293391AE001E1FD5 /* splatoon1twzh.ttf in Resources */ = {isa = PBXBuildFile; fileRef = 102F38E8293391AE001E1FD5 /* splatoon1twzh.ttf */; };
		102F38EF293391AE001E1FD5 /* splatoon2chzh.ttf in Resources */ = {isa = PBXBuildFile; fileRef = 102F38E9293391AE001E1FD5 /* splatoon2chzh.ttf */; };
		102F38F0293391AE001E1FD5 /* splatoon1jpja.ttf in Resources */ = {isa = PBXBuildFile; fileRef = 102F38EA293391AE001E1FD5 /* splatoon1jpja.ttf */; };
		102F38F1293391AE001E1FD5 /* splatoon1chzh.ttf in Resources */ = {isa = PBXBuildFile; fileRef = 102F38EB293391AE001E1FD5 /* splatoon1chzh.ttf */; };
		102F38F2293391AE001E1FD5 /* splatoon2jpja.ttf in Resources */ = {isa = PBXBuildFile; fileRef = 102F38EC293391AE001E1FD5 /* splatoon2jpja.ttf */; };
		102F38F3293391AE001E1FD5 /* splatoon2twzh.ttf in Resources */ = {isa = PBXBuildFile; fileRef = 102F38ED293391AE001E1FD5 /* splatoon2twzh.ttf */; };
		102F38F529339468001E1FD5 /* LogoType.swift in Sources */ = {isa = PBXBuildFile; fileRef = 102F38F429339468001E1FD5 /* LogoType.swift */; };
		102F38F729339A1F001E1FD5 /* ManagementButton.swift in Sources */ = {isa = PBXBuildFile; fileRef = 102F38F629339A1F001E1FD5 /* ManagementButton.swift */; };
		10403BF32938F46A003D10BA /* SplatNet3 in Frameworks */ = {isa = PBXBuildFile; productRef = 10403BF22938F46A003D10BA /* SplatNet3 */; };
		104BAAF3292CBAFF00739B2C /* mainApp.swift in Sources */ = {isa = PBXBuildFile; fileRef = 104BAAF2292CBAFF00739B2C /* mainApp.swift */; };
		104BAAF5292CBAFF00739B2C /* ContentView.swift in Sources */ = {isa = PBXBuildFile; fileRef = 104BAAF4292CBAFF00739B2C /* ContentView.swift */; };
		104BAAF7292CBB0000739B2C /* Assets.xcassets in Resources */ = {isa = PBXBuildFile; fileRef = 104BAAF6292CBB0000739B2C /* Assets.xcassets */; };
		104BAAFA292CBB0000739B2C /* Preview Assets.xcassets in Resources */ = {isa = PBXBuildFile; fileRef = 104BAAF9292CBB0000739B2C /* Preview Assets.xcassets */; };
		104BAB25292CCE3100739B2C /* FilePickerButton.swift in Sources */ = {isa = PBXBuildFile; fileRef = 104BAB24292CCE3100739B2C /* FilePickerButton.swift */; };
		104BAB28292CD7DF00739B2C /* FileBackupButton.swift in Sources */ = {isa = PBXBuildFile; fileRef = 104BAB27292CD7DF00739B2C /* FileBackupButton.swift */; };
		104BAB2B292CDD1700739B2C /* RealmSwift in Frameworks */ = {isa = PBXBuildFile; productRef = 104BAB2A292CDD1700739B2C /* RealmSwift */; };
		105B54B42940C8D000597A2D /* Version6.swift in Sources */ = {isa = PBXBuildFile; fileRef = 105B54B32940C8D000597A2D /* Version6.swift */; };
		105B54B62940C91A00597A2D /* Version7.swift in Sources */ = {isa = PBXBuildFile; fileRef = 105B54B52940C91A00597A2D /* Version7.swift */; };
		105B54B82940C9CC00597A2D /* Version11.swift in Sources */ = {isa = PBXBuildFile; fileRef = 105B54B72940C9CC00597A2D /* Version11.swift */; };
		105B54BA2940D08700597A2D /* LogButton.swift in Sources */ = {isa = PBXBuildFile; fileRef = 105B54B92940D08700597A2D /* LogButton.swift */; };
		105B54BD2940EFE500597A2D /* RealmCoopSchedule+Previews.swift in Sources */ = {isa = PBXBuildFile; fileRef = 105B54BC2940EFE500597A2D /* RealmCoopSchedule+Previews.swift */; };
		105B54BF2940FBC200597A2D /* ResultView.swift in Sources */ = {isa = PBXBuildFile; fileRef = 105B54BE2940FBC200597A2D /* ResultView.swift */; };
		10765BB9294A0D48008FC754 /* StageHeader.swift in Sources */ = {isa = PBXBuildFile; fileRef = 10765BB8294A0D48008FC754 /* StageHeader.swift */; };
		10765BBB294A0F3E008FC754 /* StageView.swift in Sources */ = {isa = PBXBuildFile; fileRef = 10765BBA294A0F3E008FC754 /* StageView.swift */; };
		10765BBD294AA7AA008FC754 /* LogLabel.swift in Sources */ = {isa = PBXBuildFile; fileRef = 10765BBC294AA7AA008FC754 /* LogLabel.swift */; };
		10765BBF294AA9B6008FC754 /* LogDeleteButton.swift in Sources */ = {isa = PBXBuildFile; fileRef = 10765BBE294AA9B6008FC754 /* LogDeleteButton.swift */; };
		10765BC1294B1912008FC754 /* LayoutType.swift in Sources */ = {isa = PBXBuildFile; fileRef = 10765BC0294B1912008FC754 /* LayoutType.swift */; };
		10765BC4294B45A9008FC754 /* StageStats.swift in Sources */ = {isa = PBXBuildFile; fileRef = 10765BC3294B45A9008FC754 /* StageStats.swift */; };
		10765BC6294B4DE3008FC754 /* UserButton.swift in Sources */ = {isa = PBXBuildFile; fileRef = 10765BC5294B4DE3008FC754 /* UserButton.swift */; };
		10765BC9294B4EB6008FC754 /* SDWebImageSwiftUI in Frameworks */ = {isa = PBXBuildFile; productRef = 10765BC8294B4EB6008FC754 /* SDWebImageSwiftUI */; };
		10765BCB294B6B0C008FC754 /* URLScheme.swift in Sources */ = {isa = PBXBuildFile; fileRef = 10765BCA294B6B0C008FC754 /* URLScheme.swift */; };
		10765BCD294BE3A4008FC754 /* SwiftUI+Image.swift in Sources */ = {isa = PBXBuildFile; fileRef = 10765BCC294BE3A4008FC754 /* SwiftUI+Image.swift */; };
		10765BCF294BE3E5008FC754 /* OffsetKey.swift in Sources */ = {isa = PBXBuildFile; fileRef = 10765BCE294BE3E5008FC754 /* OffsetKey.swift */; };
		1077DD8A293CB6F200786CD0 /* InAppButton.swift in Sources */ = {isa = PBXBuildFile; fileRef = 1077DD89293CB6F200786CD0 /* InAppButton.swift */; };
		1077DD8D293CB93A00786CD0 /* SPCircle.swift in Sources */ = {isa = PBXBuildFile; fileRef = 1077DD8C293CB93A00786CD0 /* SPCircle.swift */; };
		1077DD90293D3A4800786CD0 /* Localizable.strings in Resources */ = {isa = PBXBuildFile; fileRef = 1077DD92293D3A4800786CD0 /* Localizable.strings */; };
		1077DDA0293E606400786CD0 /* Secrets.swift in Sources */ = {isa = PBXBuildFile; fileRef = 1077DD9F293E606400786CD0 /* Secrets.swift */; };
		10BCCFD7293A955200093BC5 /* ScheduleElement.swift in Sources */ = {isa = PBXBuildFile; fileRef = 10BCCFD6293A955200093BC5 /* ScheduleElement.swift */; };
		10BCCFD9293B255400093BC5 /* SchedulesView.swift in Sources */ = {isa = PBXBuildFile; fileRef = 10BCCFD8293B255400093BC5 /* SchedulesView.swift */; };
		10D69C7D293BAC120098CC64 /* ScheduleButton.swift in Sources */ = {isa = PBXBuildFile; fileRef = 10D69C7C293BAC120098CC64 /* ScheduleButton.swift */; };
		10D69C84293BDD770098CC64 /* ZIPFoundation in Frameworks */ = {isa = PBXBuildFile; productRef = 10D69C83293BDD770098CC64 /* ZIPFoundation */; };
		10D69C86293BE12E0098CC64 /* ResultsButton.swift in Sources */ = {isa = PBXBuildFile; fileRef = 10D69C85293BE12E0098CC64 /* ResultsButton.swift */; };
		10DC185A29422361009EB01C /* Introspect in Frameworks */ = {isa = PBXBuildFile; productRef = 10DC185929422361009EB01C /* Introspect */; };
		10DC189A294366AE009EB01C /* MenuButton.swift in Sources */ = {isa = PBXBuildFile; fileRef = 10DC1899294366AE009EB01C /* MenuButton.swift */; };
		10DC189C29436954009EB01C /* UnlinkButton.swift in Sources */ = {isa = PBXBuildFile; fileRef = 10DC189B29436954009EB01C /* UnlinkButton.swift */; };
		10DC18A029436E8B009EB01C /* SourceLink.swift in Sources */ = {isa = PBXBuildFile; fileRef = 10DC189F29436E8A009EB01C /* SourceLink.swift */; };
		10DC18A229436EAB009EB01C /* FAQLink.swift in Sources */ = {isa = PBXBuildFile; fileRef = 10DC18A129436EAB009EB01C /* FAQLink.swift */; };
		10DC18A429437033009EB01C /* ListRow.swift in Sources */ = {isa = PBXBuildFile; fileRef = 10DC18A329437033009EB01C /* ListRow.swift */; };
		10DC18A62943711C009EB01C /* VersionLabel.swift in Sources */ = {isa = PBXBuildFile; fileRef = 10DC18A52943711C009EB01C /* VersionLabel.swift */; };
		10DC18A9294371F9009EB01C /* ResultLabel.swift in Sources */ = {isa = PBXBuildFile; fileRef = 10DC18A8294371F9009EB01C /* ResultLabel.swift */; };
		10DC18AB294372AA009EB01C /* LanguageButton.swift in Sources */ = {isa = PBXBuildFile; fileRef = 10DC18AA294372AA009EB01C /* LanguageButton.swift */; };
		10DC18AE29437330009EB01C /* ThemeToggle.swift in Sources */ = {isa = PBXBuildFile; fileRef = 10DC18AD29437330009EB01C /* ThemeToggle.swift */; };
		10DC18B0294373A3009EB01C /* GamingToggle.swift in Sources */ = {isa = PBXBuildFile; fileRef = 10DC18AF294373A3009EB01C /* GamingToggle.swift */; };
		10DC18B229437755009EB01C /* PrivacyLink.swift in Sources */ = {isa = PBXBuildFile; fileRef = 10DC18B129437755009EB01C /* PrivacyLink.swift */; };
		10DC18B429438220009EB01C /* FormatType.swift in Sources */ = {isa = PBXBuildFile; fileRef = 10DC18B329438220009EB01C /* FormatType.swift */; };
		10DC18B629439185009EB01C /* SettingButton.swift in Sources */ = {isa = PBXBuildFile; fileRef = 10DC18B529439185009EB01C /* SettingButton.swift */; };
		10DC18B82943B471009EB01C /* CreditView.swift in Sources */ = {isa = PBXBuildFile; fileRef = 10DC18B72943B471009EB01C /* CreditView.swift */; };
		10DC18BA2943C4A3009EB01C /* UserType.swift in Sources */ = {isa = PBXBuildFile; fileRef = 10DC18B92943C4A3009EB01C /* UserType.swift */; };
		10DC18BC2943C590009EB01C /* RoleType.swift in Sources */ = {isa = PBXBuildFile; fileRef = 10DC18BB2943C590009EB01C /* RoleType.swift */; };
		10DC18BE2943DABE009EB01C /* Decimal128.swift in Sources */ = {isa = PBXBuildFile; fileRef = 10DC18BD2943DABE009EB01C /* Decimal128.swift */; };
		10DC18C02943DAEF009EB01C /* CornerRadius.swift in Sources */ = {isa = PBXBuildFile; fileRef = 10DC18BF2943DAEF009EB01C /* CornerRadius.swift */; };
		10DC18C22944A6CB009EB01C /* CreditLink.swift in Sources */ = {isa = PBXBuildFile; fileRef = 10DC18C12944A6CB009EB01C /* CreditLink.swift */; };
		10DC18C42945B19C009EB01C /* ResultTabView.swift in Sources */ = {isa = PBXBuildFile; fileRef = 10DC18C32945B19C009EB01C /* ResultTabView.swift */; };
		10DC18C629495BDC009EB01C /* Version12.swift in Sources */ = {isa = PBXBuildFile; fileRef = 10DC18C529495BDC009EB01C /* Version12.swift */; };
		10E9B400293A5B0400779CB6 /* SP3Session+Request.swift in Sources */ = {isa = PBXBuildFile; fileRef = 10E9B3FF293A5B0400779CB6 /* SP3Session+Request.swift */; };
		10F039A5293B4A9B00BAD41C /* EnvironmentValues.swift in Sources */ = {isa = PBXBuildFile; fileRef = 10F039A4293B4A9B00BAD41C /* EnvironmentValues.swift */; };
		10F039A7293B6F7300BAD41C /* SHA256Hash.swift in Sources */ = {isa = PBXBuildFile; fileRef = 10F039A6293B6F7300BAD41C /* SHA256Hash.swift */; };
		10F039AA293B9A2F00BAD41C /* Version8.swift in Sources */ = {isa = PBXBuildFile; fileRef = 10F039A9293B9A2F00BAD41C /* Version8.swift */; };
		10F039AC293B9A4E00BAD41C /* RealmMigration.swift in Sources */ = {isa = PBXBuildFile; fileRef = 10F039AB293B9A4E00BAD41C /* RealmMigration.swift */; };
/* End PBXBuildFile section */

/* Begin PBXFileReference section */
		102F38B429334BCF001E1FD5 /* SplitNavigationViewStyle.swift */ = {isa = PBXFileReference; lastKnownFileType = sourcecode.swift; path = SplitNavigationViewStyle.swift; sourceTree = "<group>"; };
		102F38BC2933570F001E1FD5 /* SFSymbols.swift */ = {isa = PBXFileReference; lastKnownFileType = sourcecode.swift; path = SFSymbols.swift; sourceTree = "<group>"; };
		102F38BF293357D4001E1FD5 /* SPButtonStyle.swift */ = {isa = PBXFileReference; lastKnownFileType = sourcecode.swift; path = SPButtonStyle.swift; sourceTree = "<group>"; };
		102F38C129336A80001E1FD5 /* MyPageView.swift */ = {isa = PBXFileReference; lastKnownFileType = sourcecode.swift; path = MyPageView.swift; sourceTree = "<group>"; };
		102F38CB29336BF5001E1FD5 /* RealmCoopWave.swift */ = {isa = PBXFileReference; fileEncoding = 4; lastKnownFileType = sourcecode.swift; path = RealmCoopWave.swift; sourceTree = "<group>"; };
		102F38CC29336BF5001E1FD5 /* RealmCoopPlayer.swift */ = {isa = PBXFileReference; fileEncoding = 4; lastKnownFileType = sourcecode.swift; path = RealmCoopPlayer.swift; sourceTree = "<group>"; };
		102F38CD29336BF5001E1FD5 /* RealmCoopSchedule.swift */ = {isa = PBXFileReference; fileEncoding = 4; lastKnownFileType = sourcecode.swift; path = RealmCoopSchedule.swift; sourceTree = "<group>"; };
		102F38CE29336BF5001E1FD5 /* RealmCoopResult.swift */ = {isa = PBXFileReference; fileEncoding = 4; lastKnownFileType = sourcecode.swift; path = RealmCoopResult.swift; sourceTree = "<group>"; };
		102F38D329337692001E1FD5 /* ResultsView.swift */ = {isa = PBXFileReference; lastKnownFileType = sourcecode.swift; path = ResultsView.swift; sourceTree = "<group>"; };
		102F38D9293378E2001E1FD5 /* SignInButton.swift */ = {isa = PBXFileReference; lastKnownFileType = sourcecode.swift; path = SignInButton.swift; sourceTree = "<group>"; };
		102F38DC29337A7C001E1FD5 /* ResultElement.swift */ = {isa = PBXFileReference; lastKnownFileType = sourcecode.swift; path = ResultElement.swift; sourceTree = "<group>"; };
		102F38DE29337AF2001E1FD5 /* SwiftUI+View.swift */ = {isa = PBXFileReference; lastKnownFileType = sourcecode.swift; path = "SwiftUI+View.swift"; sourceTree = "<group>"; };
		102F38E129337B36001E1FD5 /* FontType.swift */ = {isa = PBXFileReference; lastKnownFileType = sourcecode.swift; path = FontType.swift; sourceTree = "<group>"; };
		102F38E329337CC1001E1FD5 /* RealmService.swift */ = {isa = PBXFileReference; lastKnownFileType = sourcecode.swift; path = RealmService.swift; sourceTree = "<group>"; };
		102F38E529338E1E001E1FD5 /* IconType.swift */ = {isa = PBXFileReference; lastKnownFileType = sourcecode.swift; path = IconType.swift; sourceTree = "<group>"; };
		102F38E8293391AE001E1FD5 /* splatoon1twzh.ttf */ = {isa = PBXFileReference; lastKnownFileType = file; path = splatoon1twzh.ttf; sourceTree = "<group>"; };
		102F38E9293391AE001E1FD5 /* splatoon2chzh.ttf */ = {isa = PBXFileReference; lastKnownFileType = file; path = splatoon2chzh.ttf; sourceTree = "<group>"; };
		102F38EA293391AE001E1FD5 /* splatoon1jpja.ttf */ = {isa = PBXFileReference; lastKnownFileType = file; path = splatoon1jpja.ttf; sourceTree = "<group>"; };
		102F38EB293391AE001E1FD5 /* splatoon1chzh.ttf */ = {isa = PBXFileReference; lastKnownFileType = file; path = splatoon1chzh.ttf; sourceTree = "<group>"; };
		102F38EC293391AE001E1FD5 /* splatoon2jpja.ttf */ = {isa = PBXFileReference; lastKnownFileType = file; path = splatoon2jpja.ttf; sourceTree = "<group>"; };
		102F38ED293391AE001E1FD5 /* splatoon2twzh.ttf */ = {isa = PBXFileReference; lastKnownFileType = file; path = splatoon2twzh.ttf; sourceTree = "<group>"; };
		102F38F429339468001E1FD5 /* LogoType.swift */ = {isa = PBXFileReference; lastKnownFileType = sourcecode.swift; path = LogoType.swift; sourceTree = "<group>"; };
		102F38F629339A1F001E1FD5 /* ManagementButton.swift */ = {isa = PBXFileReference; lastKnownFileType = sourcecode.swift; path = ManagementButton.swift; sourceTree = "<group>"; };
		10403BF12938F346003D10BA /* SplatNet3 */ = {isa = PBXFileReference; lastKnownFileType = wrapper; name = SplatNet3; path = ../SplatNet3; sourceTree = "<group>"; };
		104BAAEF292CBAFF00739B2C /* salmonia3plus.app */ = {isa = PBXFileReference; explicitFileType = wrapper.application; includeInIndex = 0; path = salmonia3plus.app; sourceTree = BUILT_PRODUCTS_DIR; };
		104BAAF2292CBAFF00739B2C /* mainApp.swift */ = {isa = PBXFileReference; lastKnownFileType = sourcecode.swift; path = mainApp.swift; sourceTree = "<group>"; };
		104BAAF4292CBAFF00739B2C /* ContentView.swift */ = {isa = PBXFileReference; lastKnownFileType = sourcecode.swift; path = ContentView.swift; sourceTree = "<group>"; };
		104BAAF6292CBB0000739B2C /* Assets.xcassets */ = {isa = PBXFileReference; lastKnownFileType = folder.assetcatalog; path = Assets.xcassets; sourceTree = "<group>"; };
		104BAAF9292CBB0000739B2C /* Preview Assets.xcassets */ = {isa = PBXFileReference; lastKnownFileType = folder.assetcatalog; path = "Preview Assets.xcassets"; sourceTree = "<group>"; };
		104BAB1C292CBC9B00739B2C /* Info.plist */ = {isa = PBXFileReference; lastKnownFileType = text.plist; path = Info.plist; sourceTree = "<group>"; };
		104BAB24292CCE3100739B2C /* FilePickerButton.swift */ = {isa = PBXFileReference; lastKnownFileType = sourcecode.swift; path = FilePickerButton.swift; sourceTree = "<group>"; };
		104BAB27292CD7DF00739B2C /* FileBackupButton.swift */ = {isa = PBXFileReference; lastKnownFileType = sourcecode.swift; path = FileBackupButton.swift; sourceTree = "<group>"; };
		105B54B32940C8D000597A2D /* Version6.swift */ = {isa = PBXFileReference; lastKnownFileType = sourcecode.swift; path = Version6.swift; sourceTree = "<group>"; };
		105B54B52940C91A00597A2D /* Version7.swift */ = {isa = PBXFileReference; lastKnownFileType = sourcecode.swift; path = Version7.swift; sourceTree = "<group>"; };
		105B54B72940C9CC00597A2D /* Version11.swift */ = {isa = PBXFileReference; lastKnownFileType = sourcecode.swift; path = Version11.swift; sourceTree = "<group>"; };
		105B54B92940D08700597A2D /* LogButton.swift */ = {isa = PBXFileReference; lastKnownFileType = sourcecode.swift; path = LogButton.swift; sourceTree = "<group>"; };
		105B54BC2940EFE500597A2D /* RealmCoopSchedule+Previews.swift */ = {isa = PBXFileReference; lastKnownFileType = sourcecode.swift; path = "RealmCoopSchedule+Previews.swift"; sourceTree = "<group>"; };
		105B54BE2940FBC200597A2D /* ResultView.swift */ = {isa = PBXFileReference; lastKnownFileType = sourcecode.swift; path = ResultView.swift; sourceTree = "<group>"; };
		10765BB8294A0D48008FC754 /* StageHeader.swift */ = {isa = PBXFileReference; lastKnownFileType = sourcecode.swift; path = StageHeader.swift; sourceTree = "<group>"; };
		10765BBA294A0F3E008FC754 /* StageView.swift */ = {isa = PBXFileReference; lastKnownFileType = sourcecode.swift; path = StageView.swift; sourceTree = "<group>"; };
		10765BBC294AA7AA008FC754 /* LogLabel.swift */ = {isa = PBXFileReference; lastKnownFileType = sourcecode.swift; path = LogLabel.swift; sourceTree = "<group>"; };
		10765BBE294AA9B6008FC754 /* LogDeleteButton.swift */ = {isa = PBXFileReference; lastKnownFileType = sourcecode.swift; path = LogDeleteButton.swift; sourceTree = "<group>"; };
		10765BC0294B1912008FC754 /* LayoutType.swift */ = {isa = PBXFileReference; lastKnownFileType = sourcecode.swift; path = LayoutType.swift; sourceTree = "<group>"; };
		10765BC3294B45A9008FC754 /* StageStats.swift */ = {isa = PBXFileReference; lastKnownFileType = sourcecode.swift; path = StageStats.swift; sourceTree = "<group>"; };
		10765BC5294B4DE3008FC754 /* UserButton.swift */ = {isa = PBXFileReference; lastKnownFileType = sourcecode.swift; path = UserButton.swift; sourceTree = "<group>"; };
		10765BCA294B6B0C008FC754 /* URLScheme.swift */ = {isa = PBXFileReference; lastKnownFileType = sourcecode.swift; path = URLScheme.swift; sourceTree = "<group>"; };
		10765BCC294BE3A4008FC754 /* SwiftUI+Image.swift */ = {isa = PBXFileReference; lastKnownFileType = sourcecode.swift; path = "SwiftUI+Image.swift"; sourceTree = "<group>"; };
		10765BCE294BE3E5008FC754 /* OffsetKey.swift */ = {isa = PBXFileReference; lastKnownFileType = sourcecode.swift; path = OffsetKey.swift; sourceTree = "<group>"; };
		1077DD89293CB6F200786CD0 /* InAppButton.swift */ = {isa = PBXFileReference; lastKnownFileType = sourcecode.swift; path = InAppButton.swift; sourceTree = "<group>"; };
		1077DD8C293CB93A00786CD0 /* SPCircle.swift */ = {isa = PBXFileReference; fileEncoding = 4; lastKnownFileType = sourcecode.swift; path = SPCircle.swift; sourceTree = "<group>"; };
		1077DD91293D3A4800786CD0 /* en */ = {isa = PBXFileReference; lastKnownFileType = text.plist.strings; name = en; path = en.lproj/Localizable.strings; sourceTree = "<group>"; };
		1077DD93293D3A4B00786CD0 /* zh-Hans */ = {isa = PBXFileReference; lastKnownFileType = text.plist.strings; name = "zh-Hans"; path = "zh-Hans.lproj/Localizable.strings"; sourceTree = "<group>"; };
		1077DD94293D3A4C00786CD0 /* zh-Hant */ = {isa = PBXFileReference; lastKnownFileType = text.plist.strings; name = "zh-Hant"; path = "zh-Hant.lproj/Localizable.strings"; sourceTree = "<group>"; };
		1077DD95293D3A4D00786CD0 /* en-GB */ = {isa = PBXFileReference; lastKnownFileType = text.plist.strings; name = "en-GB"; path = "en-GB.lproj/Localizable.strings"; sourceTree = "<group>"; };
		1077DD96293D3A4D00786CD0 /* fr */ = {isa = PBXFileReference; lastKnownFileType = text.plist.strings; name = fr; path = fr.lproj/Localizable.strings; sourceTree = "<group>"; };
		1077DD97293D3A4E00786CD0 /* ja */ = {isa = PBXFileReference; lastKnownFileType = text.plist.strings; name = ja; path = ja.lproj/Localizable.strings; sourceTree = "<group>"; };
		1077DD98293D3A4F00786CD0 /* fr-CA */ = {isa = PBXFileReference; lastKnownFileType = text.plist.strings; name = "fr-CA"; path = "fr-CA.lproj/Localizable.strings"; sourceTree = "<group>"; };
		1077DD99293D3A5200786CD0 /* de */ = {isa = PBXFileReference; lastKnownFileType = text.plist.strings; name = de; path = de.lproj/Localizable.strings; sourceTree = "<group>"; };
		1077DD9A293D3A5200786CD0 /* nl */ = {isa = PBXFileReference; lastKnownFileType = text.plist.strings; name = nl; path = nl.lproj/Localizable.strings; sourceTree = "<group>"; };
		1077DD9B293D3A5300786CD0 /* ko */ = {isa = PBXFileReference; lastKnownFileType = text.plist.strings; name = ko; path = ko.lproj/Localizable.strings; sourceTree = "<group>"; };
		1077DD9C293D3A5400786CD0 /* ru */ = {isa = PBXFileReference; lastKnownFileType = text.plist.strings; name = ru; path = ru.lproj/Localizable.strings; sourceTree = "<group>"; };
		1077DD9D293D3A5400786CD0 /* es */ = {isa = PBXFileReference; lastKnownFileType = text.plist.strings; name = es; path = es.lproj/Localizable.strings; sourceTree = "<group>"; };
		1077DD9E293D3A5400786CD0 /* es-MX */ = {isa = PBXFileReference; lastKnownFileType = text.plist.strings; name = "es-MX"; path = "es-MX.lproj/Localizable.strings"; sourceTree = "<group>"; };
		1077DD9F293E606400786CD0 /* Secrets.swift */ = {isa = PBXFileReference; lastKnownFileType = sourcecode.swift; path = Secrets.swift; sourceTree = "<group>"; };
		10BCCFD6293A955200093BC5 /* ScheduleElement.swift */ = {isa = PBXFileReference; lastKnownFileType = sourcecode.swift; path = ScheduleElement.swift; sourceTree = "<group>"; };
		10BCCFD8293B255400093BC5 /* SchedulesView.swift */ = {isa = PBXFileReference; lastKnownFileType = sourcecode.swift; path = SchedulesView.swift; sourceTree = "<group>"; };
		10D69C7C293BAC120098CC64 /* ScheduleButton.swift */ = {isa = PBXFileReference; lastKnownFileType = sourcecode.swift; path = ScheduleButton.swift; sourceTree = "<group>"; };
		10D69C85293BE12E0098CC64 /* ResultsButton.swift */ = {isa = PBXFileReference; lastKnownFileType = sourcecode.swift; path = ResultsButton.swift; sourceTree = "<group>"; };
		10DC1899294366AE009EB01C /* MenuButton.swift */ = {isa = PBXFileReference; lastKnownFileType = sourcecode.swift; path = MenuButton.swift; sourceTree = "<group>"; };
		10DC189B29436954009EB01C /* UnlinkButton.swift */ = {isa = PBXFileReference; lastKnownFileType = sourcecode.swift; path = UnlinkButton.swift; sourceTree = "<group>"; };
		10DC189F29436E8A009EB01C /* SourceLink.swift */ = {isa = PBXFileReference; fileEncoding = 4; lastKnownFileType = sourcecode.swift; path = SourceLink.swift; sourceTree = "<group>"; };
		10DC18A129436EAB009EB01C /* FAQLink.swift */ = {isa = PBXFileReference; lastKnownFileType = sourcecode.swift; path = FAQLink.swift; sourceTree = "<group>"; };
		10DC18A329437033009EB01C /* ListRow.swift */ = {isa = PBXFileReference; lastKnownFileType = sourcecode.swift; path = ListRow.swift; sourceTree = "<group>"; };
		10DC18A52943711C009EB01C /* VersionLabel.swift */ = {isa = PBXFileReference; lastKnownFileType = sourcecode.swift; path = VersionLabel.swift; sourceTree = "<group>"; };
		10DC18A8294371F9009EB01C /* ResultLabel.swift */ = {isa = PBXFileReference; lastKnownFileType = sourcecode.swift; path = ResultLabel.swift; sourceTree = "<group>"; };
		10DC18AA294372AA009EB01C /* LanguageButton.swift */ = {isa = PBXFileReference; lastKnownFileType = sourcecode.swift; path = LanguageButton.swift; sourceTree = "<group>"; };
		10DC18AD29437330009EB01C /* ThemeToggle.swift */ = {isa = PBXFileReference; lastKnownFileType = sourcecode.swift; path = ThemeToggle.swift; sourceTree = "<group>"; };
		10DC18AF294373A3009EB01C /* GamingToggle.swift */ = {isa = PBXFileReference; lastKnownFileType = sourcecode.swift; path = GamingToggle.swift; sourceTree = "<group>"; };
		10DC18B129437755009EB01C /* PrivacyLink.swift */ = {isa = PBXFileReference; lastKnownFileType = sourcecode.swift; path = PrivacyLink.swift; sourceTree = "<group>"; };
		10DC18B329438220009EB01C /* FormatType.swift */ = {isa = PBXFileReference; lastKnownFileType = sourcecode.swift; path = FormatType.swift; sourceTree = "<group>"; };
		10DC18B529439185009EB01C /* SettingButton.swift */ = {isa = PBXFileReference; lastKnownFileType = sourcecode.swift; path = SettingButton.swift; sourceTree = "<group>"; };
		10DC18B72943B471009EB01C /* CreditView.swift */ = {isa = PBXFileReference; lastKnownFileType = sourcecode.swift; path = CreditView.swift; sourceTree = "<group>"; };
		10DC18B92943C4A3009EB01C /* UserType.swift */ = {isa = PBXFileReference; lastKnownFileType = sourcecode.swift; path = UserType.swift; sourceTree = "<group>"; };
		10DC18BB2943C590009EB01C /* RoleType.swift */ = {isa = PBXFileReference; lastKnownFileType = sourcecode.swift; path = RoleType.swift; sourceTree = "<group>"; };
		10DC18BD2943DABE009EB01C /* Decimal128.swift */ = {isa = PBXFileReference; lastKnownFileType = sourcecode.swift; path = Decimal128.swift; sourceTree = "<group>"; };
		10DC18BF2943DAEF009EB01C /* CornerRadius.swift */ = {isa = PBXFileReference; lastKnownFileType = sourcecode.swift; path = CornerRadius.swift; sourceTree = "<group>"; };
		10DC18C12944A6CB009EB01C /* CreditLink.swift */ = {isa = PBXFileReference; lastKnownFileType = sourcecode.swift; path = CreditLink.swift; sourceTree = "<group>"; };
		10DC18C32945B19C009EB01C /* ResultTabView.swift */ = {isa = PBXFileReference; lastKnownFileType = sourcecode.swift; path = ResultTabView.swift; sourceTree = "<group>"; };
		10DC18C529495BDC009EB01C /* Version12.swift */ = {isa = PBXFileReference; lastKnownFileType = sourcecode.swift; path = Version12.swift; sourceTree = "<group>"; };
		10E9B3FF293A5B0400779CB6 /* SP3Session+Request.swift */ = {isa = PBXFileReference; lastKnownFileType = sourcecode.swift; path = "SP3Session+Request.swift"; sourceTree = "<group>"; };
		10F039A4293B4A9B00BAD41C /* EnvironmentValues.swift */ = {isa = PBXFileReference; lastKnownFileType = sourcecode.swift; path = EnvironmentValues.swift; sourceTree = "<group>"; };
		10F039A6293B6F7300BAD41C /* SHA256Hash.swift */ = {isa = PBXFileReference; lastKnownFileType = sourcecode.swift; path = SHA256Hash.swift; sourceTree = "<group>"; };
		10F039A9293B9A2F00BAD41C /* Version8.swift */ = {isa = PBXFileReference; lastKnownFileType = sourcecode.swift; path = Version8.swift; sourceTree = "<group>"; };
		10F039AB293B9A4E00BAD41C /* RealmMigration.swift */ = {isa = PBXFileReference; lastKnownFileType = sourcecode.swift; path = RealmMigration.swift; sourceTree = "<group>"; };
/* End PBXFileReference section */

/* Begin PBXFrameworksBuildPhase section */
		104BAAEC292CBAFF00739B2C /* Frameworks */ = {
			isa = PBXFrameworksBuildPhase;
			buildActionMask = 2147483647;
			files = (
				10765BC9294B4EB6008FC754 /* SDWebImageSwiftUI in Frameworks */,
				104BAB2B292CDD1700739B2C /* RealmSwift in Frameworks */,
				10DC185A29422361009EB01C /* Introspect in Frameworks */,
				10403BF32938F46A003D10BA /* SplatNet3 in Frameworks */,
				10D69C84293BDD770098CC64 /* ZIPFoundation in Frameworks */,
			);
			runOnlyForDeploymentPostprocessing = 0;
		};
/* End PBXFrameworksBuildPhase section */

/* Begin PBXGroup section */
		102F38AE293349A7001E1FD5 /* Packages */ = {
			isa = PBXGroup;
			children = (
				10403BF12938F346003D10BA /* SplatNet3 */,
			);
			name = Packages;
			sourceTree = "<group>";
		};
		102F38B029334A6E001E1FD5 /* Frameworks */ = {
			isa = PBXGroup;
			children = (
			);
			name = Frameworks;
			sourceTree = "<group>";
		};
		102F38B329334BBD001E1FD5 /* Extensions */ = {
			isa = PBXGroup;
			children = (
				10765BD0294BE40B008FC754 /* SwiftUI */,
				105B54BB2940EFD000597A2D /* RealmPreviews */,
				10E9B3FF293A5B0400779CB6 /* SP3Session+Request.swift */,
				102F38B429334BCF001E1FD5 /* SplitNavigationViewStyle.swift */,
				102F38BC2933570F001E1FD5 /* SFSymbols.swift */,
				10F039A4293B4A9B00BAD41C /* EnvironmentValues.swift */,
				10F039A6293B6F7300BAD41C /* SHA256Hash.swift */,
				10DC18BD2943DABE009EB01C /* Decimal128.swift */,
				102F38DE29337AF2001E1FD5 /* SwiftUI+View.swift */,
				10765BCC294BE3A4008FC754 /* SwiftUI+Image.swift */,
			);
			path = Extensions;
			sourceTree = "<group>";
		};
		102F38BE293357C9001E1FD5 /* ViewModifiers */ = {
			isa = PBXGroup;
			children = (
				102F38BF293357D4001E1FD5 /* SPButtonStyle.swift */,
			);
			path = ViewModifiers;
			sourceTree = "<group>";
		};
		102F38D7293378C0001E1FD5 /* Components */ = {
			isa = PBXGroup;
			children = (
				10765BB7294A0D3B008FC754 /* Header */,
				10DC18982943669B009EB01C /* Link */,
				10DC18AC29437326009EB01C /* Toggle */,
				10DC18A7294371E3009EB01C /* Label */,
				1077DD8B293CB93300786CD0 /* Shape */,
				102F38DB29337A58001E1FD5 /* List */,
				102F38D8293378D7001E1FD5 /* Button */,
				10DC18A329437033009EB01C /* ListRow.swift */,
			);
			path = Components;
			sourceTree = "<group>";
		};
		102F38D8293378D7001E1FD5 /* Button */ = {
			isa = PBXGroup;
			children = (
				104BAB24292CCE3100739B2C /* FilePickerButton.swift */,
				104BAB27292CD7DF00739B2C /* FileBackupButton.swift */,
				10DC1899294366AE009EB01C /* MenuButton.swift */,
				10DC189B29436954009EB01C /* UnlinkButton.swift */,
				102F38D9293378E2001E1FD5 /* SignInButton.swift */,
				10765BC5294B4DE3008FC754 /* UserButton.swift */,
				102F38F629339A1F001E1FD5 /* ManagementButton.swift */,
				10D69C7C293BAC120098CC64 /* ScheduleButton.swift */,
				10D69C85293BE12E0098CC64 /* ResultsButton.swift */,
				1077DD89293CB6F200786CD0 /* InAppButton.swift */,
				105B54B92940D08700597A2D /* LogButton.swift */,
				10DC18AA294372AA009EB01C /* LanguageButton.swift */,
				10DC18B529439185009EB01C /* SettingButton.swift */,
				10765BBE294AA9B6008FC754 /* LogDeleteButton.swift */,
			);
			path = Button;
			sourceTree = "<group>";
		};
		102F38DB29337A58001E1FD5 /* List */ = {
			isa = PBXGroup;
			children = (
				102F38DC29337A7C001E1FD5 /* ResultElement.swift */,
				10BCCFD6293A955200093BC5 /* ScheduleElement.swift */,
			);
			path = List;
			sourceTree = "<group>";
		};
		102F38E029337B2A001E1FD5 /* Enum */ = {
			isa = PBXGroup;
			children = (
				102F38E129337B36001E1FD5 /* FontType.swift */,
				102F38E529338E1E001E1FD5 /* IconType.swift */,
				102F38F429339468001E1FD5 /* LogoType.swift */,
				10DC18B329438220009EB01C /* FormatType.swift */,
				10DC18B92943C4A3009EB01C /* UserType.swift */,
				10DC18BB2943C590009EB01C /* RoleType.swift */,
				10765BC0294B1912008FC754 /* LayoutType.swift */,
				10765BCA294B6B0C008FC754 /* URLScheme.swift */,
			);
			path = Enum;
			sourceTree = "<group>";
		};
		102F38E7293391A1001E1FD5 /* Assets */ = {
			isa = PBXGroup;
			children = (
				102F38EB293391AE001E1FD5 /* splatoon1chzh.ttf */,
				102F38EA293391AE001E1FD5 /* splatoon1jpja.ttf */,
				102F38E8293391AE001E1FD5 /* splatoon1twzh.ttf */,
				102F38E9293391AE001E1FD5 /* splatoon2chzh.ttf */,
				102F38EC293391AE001E1FD5 /* splatoon2jpja.ttf */,
				102F38ED293391AE001E1FD5 /* splatoon2twzh.ttf */,
			);
			path = Assets;
			sourceTree = "<group>";
		};
		104BAAE6292CBAFF00739B2C = {
			isa = PBXGroup;
			children = (
				1077DD92293D3A4800786CD0 /* Localizable.strings */,
				102F38AE293349A7001E1FD5 /* Packages */,
				104BAAF1292CBAFF00739B2C /* salmonia3plus */,
				104BAAF0292CBAFF00739B2C /* Products */,
				102F38B029334A6E001E1FD5 /* Frameworks */,
			);
			sourceTree = "<group>";
		};
		104BAAF0292CBAFF00739B2C /* Products */ = {
			isa = PBXGroup;
			children = (
				104BAAEF292CBAFF00739B2C /* salmonia3plus.app */,
			);
			name = Products;
			sourceTree = "<group>";
		};
		104BAAF1292CBAFF00739B2C /* salmonia3plus */ = {
			isa = PBXGroup;
			children = (
				104BAB1C292CBC9B00739B2C /* Info.plist */,
				10765BC2294B4593008FC754 /* Service */,
				102F38E7293391A1001E1FD5 /* Assets */,
				102F38E029337B2A001E1FD5 /* Enum */,
				102F38B329334BBD001E1FD5 /* Extensions */,
				104BAB26292CCE8700739B2C /* Realm */,
				104BAB1D292CC92600739B2C /* Views */,
				102F38BE293357C9001E1FD5 /* ViewModifiers */,
				102F38D7293378C0001E1FD5 /* Components */,
				104BAAF2292CBAFF00739B2C /* mainApp.swift */,
				104BAAF4292CBAFF00739B2C /* ContentView.swift */,
				1077DD9F293E606400786CD0 /* Secrets.swift */,
				104BAAF6292CBB0000739B2C /* Assets.xcassets */,
				104BAAF8292CBB0000739B2C /* Preview Content */,
			);
			path = salmonia3plus;
			sourceTree = "<group>";
		};
		104BAAF8292CBB0000739B2C /* Preview Content */ = {
			isa = PBXGroup;
			children = (
				104BAAF9292CBB0000739B2C /* Preview Assets.xcassets */,
			);
			path = "Preview Content";
			sourceTree = "<group>";
		};
		104BAB1D292CC92600739B2C /* Views */ = {
			isa = PBXGroup;
			children = (
				104BAB23292CCE1300739B2C /* Common */,
				10FC2465292CDFE3000E5FC3 /* Tab */,
				10FC2466292CDFF9000E5FC3 /* Form */,
				104BAB1E292CC93000739B2C /* Data */,
			);
			path = Views;
			sourceTree = "<group>";
		};
		104BAB1E292CC93000739B2C /* Data */ = {
			isa = PBXGroup;
			children = (
			);
			path = Data;
			sourceTree = "<group>";
		};
		104BAB23292CCE1300739B2C /* Common */ = {
			isa = PBXGroup;
			children = (
				105B54BE2940FBC200597A2D /* ResultView.swift */,
				10DC18B72943B471009EB01C /* CreditView.swift */,
				10DC18C32945B19C009EB01C /* ResultTabView.swift */,
				10765BBA294A0F3E008FC754 /* StageView.swift */,
			);
			path = Common;
			sourceTree = "<group>";
		};
		104BAB26292CCE8700739B2C /* Realm */ = {
			isa = PBXGroup;
			children = (
				10F039A8293B9A1D00BAD41C /* Migration */,
				10F039AD293BA09B00BAD41C /* Database */,
				102F38E329337CC1001E1FD5 /* RealmService.swift */,
			);
			path = Realm;
			sourceTree = "<group>";
		};
		105B54BB2940EFD000597A2D /* RealmPreviews */ = {
			isa = PBXGroup;
			children = (
				105B54BC2940EFE500597A2D /* RealmCoopSchedule+Previews.swift */,
			);
			path = RealmPreviews;
			sourceTree = "<group>";
		};
		10765BB7294A0D3B008FC754 /* Header */ = {
			isa = PBXGroup;
			children = (
				10765BB8294A0D48008FC754 /* StageHeader.swift */,
			);
			path = Header;
			sourceTree = "<group>";
		};
		10765BC2294B4593008FC754 /* Service */ = {
			isa = PBXGroup;
			children = (
				10765BC3294B45A9008FC754 /* StageStats.swift */,
			);
			path = Service;
			sourceTree = "<group>";
		};
		10765BD0294BE40B008FC754 /* SwiftUI */ = {
			isa = PBXGroup;
			children = (
				10DC18BF2943DAEF009EB01C /* CornerRadius.swift */,
				10765BCE294BE3E5008FC754 /* OffsetKey.swift */,
			);
			path = SwiftUI;
			sourceTree = "<group>";
		};
		1077DD8B293CB93300786CD0 /* Shape */ = {
			isa = PBXGroup;
			children = (
				1077DD8C293CB93A00786CD0 /* SPCircle.swift */,
			);
			path = Shape;
			sourceTree = "<group>";
		};
		10DC18982943669B009EB01C /* Link */ = {
			isa = PBXGroup;
			children = (
				10DC18B129437755009EB01C /* PrivacyLink.swift */,
				10DC189F29436E8A009EB01C /* SourceLink.swift */,
				10DC18A129436EAB009EB01C /* FAQLink.swift */,
				10DC18C12944A6CB009EB01C /* CreditLink.swift */,
			);
			path = Link;
			sourceTree = "<group>";
		};
		10DC18A7294371E3009EB01C /* Label */ = {
			isa = PBXGroup;
			children = (
				10DC18A52943711C009EB01C /* VersionLabel.swift */,
				10DC18A8294371F9009EB01C /* ResultLabel.swift */,
				10765BBC294AA7AA008FC754 /* LogLabel.swift */,
			);
			path = Label;
			sourceTree = "<group>";
		};
		10DC18AC29437326009EB01C /* Toggle */ = {
			isa = PBXGroup;
			children = (
				10DC18AD29437330009EB01C /* ThemeToggle.swift */,
				10DC18AF294373A3009EB01C /* GamingToggle.swift */,
			);
			path = Toggle;
			sourceTree = "<group>";
		};
		10F039A8293B9A1D00BAD41C /* Migration */ = {
			isa = PBXGroup;
			children = (
				10F039AB293B9A4E00BAD41C /* RealmMigration.swift */,
				105B54B32940C8D000597A2D /* Version6.swift */,
				105B54B52940C91A00597A2D /* Version7.swift */,
				10F039A9293B9A2F00BAD41C /* Version8.swift */,
				105B54B72940C9CC00597A2D /* Version11.swift */,
				10DC18C529495BDC009EB01C /* Version12.swift */,
			);
			path = Migration;
			sourceTree = "<group>";
		};
		10F039AD293BA09B00BAD41C /* Database */ = {
			isa = PBXGroup;
			children = (
				102F38CC29336BF5001E1FD5 /* RealmCoopPlayer.swift */,
				102F38CE29336BF5001E1FD5 /* RealmCoopResult.swift */,
				102F38CD29336BF5001E1FD5 /* RealmCoopSchedule.swift */,
				102F38CB29336BF5001E1FD5 /* RealmCoopWave.swift */,
			);
			path = Database;
			sourceTree = "<group>";
		};
		10FC2465292CDFE3000E5FC3 /* Tab */ = {
			isa = PBXGroup;
			children = (
				102F38C129336A80001E1FD5 /* MyPageView.swift */,
				102F38D329337692001E1FD5 /* ResultsView.swift */,
				10BCCFD8293B255400093BC5 /* SchedulesView.swift */,
			);
			path = Tab;
			sourceTree = "<group>";
		};
		10FC2466292CDFF9000E5FC3 /* Form */ = {
			isa = PBXGroup;
			children = (
			);
			path = Form;
			sourceTree = "<group>";
		};
/* End PBXGroup section */

/* Begin PBXNativeTarget section */
		104BAAEE292CBAFF00739B2C /* salmonia3plus */ = {
			isa = PBXNativeTarget;
			buildConfigurationList = 104BAB13292CBB0000739B2C /* Build configuration list for PBXNativeTarget "salmonia3plus" */;
			buildPhases = (
				104BAAEB292CBAFF00739B2C /* Sources */,
				104BAAEC292CBAFF00739B2C /* Frameworks */,
				104BAAED292CBAFF00739B2C /* Resources */,
			);
			buildRules = (
			);
			dependencies = (
			);
			name = salmonia3plus;
			packageProductDependencies = (
				104BAB2A292CDD1700739B2C /* RealmSwift */,
				10403BF22938F46A003D10BA /* SplatNet3 */,
				10D69C83293BDD770098CC64 /* ZIPFoundation */,
				10DC185929422361009EB01C /* Introspect */,
				10765BC8294B4EB6008FC754 /* SDWebImageSwiftUI */,
			);
			productName = salmonia3plus;
			productReference = 104BAAEF292CBAFF00739B2C /* salmonia3plus.app */;
			productType = "com.apple.product-type.application";
		};
/* End PBXNativeTarget section */

/* Begin PBXProject section */
		104BAAE7292CBAFF00739B2C /* Project object */ = {
			isa = PBXProject;
			attributes = {
				BuildIndependentTargetsInParallel = 1;
				LastSwiftUpdateCheck = 1410;
				LastUpgradeCheck = 1410;
				ORGANIZATIONNAME = "Magi Corporation";
				TargetAttributes = {
					104BAAEE292CBAFF00739B2C = {
						CreatedOnToolsVersion = 14.1;
					};
				};
			};
			buildConfigurationList = 104BAAEA292CBAFF00739B2C /* Build configuration list for PBXProject "salmonia3plus" */;
			compatibilityVersion = "Xcode 14.0";
			developmentRegion = en;
			hasScannedForEncodings = 0;
			knownRegions = (
				en,
				Base,
				ja,
				"zh-Hans",
				"zh-Hant",
				"en-GB",
				de,
				ru,
				es,
				nl,
				"es-MX",
				fr,
				"fr-CA",
				ko,
			);
			mainGroup = 104BAAE6292CBAFF00739B2C;
			packageReferences = (
				104BAB29292CDD1700739B2C /* XCRemoteSwiftPackageReference "realm-swift" */,
				10D69C82293BDD770098CC64 /* XCRemoteSwiftPackageReference "ZIPFoundation" */,
				10DC185829422361009EB01C /* XCRemoteSwiftPackageReference "SwiftUI-Introspect" */,
				10765BC7294B4EB6008FC754 /* XCRemoteSwiftPackageReference "SDWebImageSwiftUI" */,
			);
			productRefGroup = 104BAAF0292CBAFF00739B2C /* Products */;
			projectDirPath = "";
			projectRoot = "";
			targets = (
				104BAAEE292CBAFF00739B2C /* salmonia3plus */,
			);
		};
/* End PBXProject section */

/* Begin PBXResourcesBuildPhase section */
		104BAAED292CBAFF00739B2C /* Resources */ = {
			isa = PBXResourcesBuildPhase;
			buildActionMask = 2147483647;
			files = (
				104BAAFA292CBB0000739B2C /* Preview Assets.xcassets in Resources */,
				102F38EF293391AE001E1FD5 /* splatoon2chzh.ttf in Resources */,
				102F38F1293391AE001E1FD5 /* splatoon1chzh.ttf in Resources */,
				102F38F2293391AE001E1FD5 /* splatoon2jpja.ttf in Resources */,
				1077DD90293D3A4800786CD0 /* Localizable.strings in Resources */,
				102F38F3293391AE001E1FD5 /* splatoon2twzh.ttf in Resources */,
				104BAAF7292CBB0000739B2C /* Assets.xcassets in Resources */,
				102F38EE293391AE001E1FD5 /* splatoon1twzh.ttf in Resources */,
				102F38F0293391AE001E1FD5 /* splatoon1jpja.ttf in Resources */,
			);
			runOnlyForDeploymentPostprocessing = 0;
		};
/* End PBXResourcesBuildPhase section */

/* Begin PBXSourcesBuildPhase section */
		104BAAEB292CBAFF00739B2C /* Sources */ = {
			isa = PBXSourcesBuildPhase;
			buildActionMask = 2147483647;
			files = (
				10765BC6294B4DE3008FC754 /* UserButton.swift in Sources */,
				10765BC1294B1912008FC754 /* LayoutType.swift in Sources */,
				104BAAF5292CBAFF00739B2C /* ContentView.swift in Sources */,
				10DC18B0294373A3009EB01C /* GamingToggle.swift in Sources */,
				10DC18A62943711C009EB01C /* VersionLabel.swift in Sources */,
				102F38D029336BF5001E1FD5 /* RealmCoopPlayer.swift in Sources */,
				10765BCB294B6B0C008FC754 /* URLScheme.swift in Sources */,
				10DC18B629439185009EB01C /* SettingButton.swift in Sources */,
				10F039AC293B9A4E00BAD41C /* RealmMigration.swift in Sources */,
				1077DD8A293CB6F200786CD0 /* InAppButton.swift in Sources */,
				10DC18B229437755009EB01C /* PrivacyLink.swift in Sources */,
				102F38D429337692001E1FD5 /* ResultsView.swift in Sources */,
				102F38E629338E1E001E1FD5 /* IconType.swift in Sources */,
				104BAB28292CD7DF00739B2C /* FileBackupButton.swift in Sources */,
				102F38DA293378E2001E1FD5 /* SignInButton.swift in Sources */,
				10DC18A429437033009EB01C /* ListRow.swift in Sources */,
				10DC18C42945B19C009EB01C /* ResultTabView.swift in Sources */,
				105B54BD2940EFE500597A2D /* RealmCoopSchedule+Previews.swift in Sources */,
				10DC18C629495BDC009EB01C /* Version12.swift in Sources */,
				10DC18C22944A6CB009EB01C /* CreditLink.swift in Sources */,
				10765BB9294A0D48008FC754 /* StageHeader.swift in Sources */,
				105B54B62940C91A00597A2D /* Version7.swift in Sources */,
				105B54B42940C8D000597A2D /* Version6.swift in Sources */,
				10F039A7293B6F7300BAD41C /* SHA256Hash.swift in Sources */,
				10DC189A294366AE009EB01C /* MenuButton.swift in Sources */,
				104BAAF3292CBAFF00739B2C /* mainApp.swift in Sources */,
				1077DDA0293E606400786CD0 /* Secrets.swift in Sources */,
				10DC18AE29437330009EB01C /* ThemeToggle.swift in Sources */,
				10DC18A229436EAB009EB01C /* FAQLink.swift in Sources */,
				10DC18B429438220009EB01C /* FormatType.swift in Sources */,
				10DC18AB294372AA009EB01C /* LanguageButton.swift in Sources */,
				102F38DD29337A7C001E1FD5 /* ResultElement.swift in Sources */,
				102F38B529334BCF001E1FD5 /* SplitNavigationViewStyle.swift in Sources */,
				1077DD8D293CB93A00786CD0 /* SPCircle.swift in Sources */,
				10BCCFD7293A955200093BC5 /* ScheduleElement.swift in Sources */,
				105B54BA2940D08700597A2D /* LogButton.swift in Sources */,
				10765BBF294AA9B6008FC754 /* LogDeleteButton.swift in Sources */,
				10F039A5293B4A9B00BAD41C /* EnvironmentValues.swift in Sources */,
				105B54BF2940FBC200597A2D /* ResultView.swift in Sources */,
				10DC18B82943B471009EB01C /* CreditView.swift in Sources */,
				10DC18BC2943C590009EB01C /* RoleType.swift in Sources */,
				10765BBB294A0F3E008FC754 /* StageView.swift in Sources */,
				10765BC4294B45A9008FC754 /* StageStats.swift in Sources */,
				105B54B82940C9CC00597A2D /* Version11.swift in Sources */,
				10E9B400293A5B0400779CB6 /* SP3Session+Request.swift in Sources */,
				10DC18A029436E8B009EB01C /* SourceLink.swift in Sources */,
				10F039AA293B9A2F00BAD41C /* Version8.swift in Sources */,
				102F38D229336BF5001E1FD5 /* RealmCoopResult.swift in Sources */,
				102F38CF29336BF5001E1FD5 /* RealmCoopWave.swift in Sources */,
				102F38DF29337AF2001E1FD5 /* SwiftUI+View.swift in Sources */,
				102F38E229337B36001E1FD5 /* FontType.swift in Sources */,
				102F38F729339A1F001E1FD5 /* ManagementButton.swift in Sources */,
				102F38F529339468001E1FD5 /* LogoType.swift in Sources */,
				10BCCFD9293B255400093BC5 /* SchedulesView.swift in Sources */,
				102F38C229336A80001E1FD5 /* MyPageView.swift in Sources */,
				10DC18BE2943DABE009EB01C /* Decimal128.swift in Sources */,
				10DC18A9294371F9009EB01C /* ResultLabel.swift in Sources */,
				10765BBD294AA7AA008FC754 /* LogLabel.swift in Sources */,
				102F38E429337CC1001E1FD5 /* RealmService.swift in Sources */,
				102F38BD2933570F001E1FD5 /* SFSymbols.swift in Sources */,
				10D69C7D293BAC120098CC64 /* ScheduleButton.swift in Sources */,
				102F38C0293357D4001E1FD5 /* SPButtonStyle.swift in Sources */,
				10DC189C29436954009EB01C /* UnlinkButton.swift in Sources */,
				10DC18BA2943C4A3009EB01C /* UserType.swift in Sources */,
				10765BCD294BE3A4008FC754 /* SwiftUI+Image.swift in Sources */,
				10D69C86293BE12E0098CC64 /* ResultsButton.swift in Sources */,
				10765BCF294BE3E5008FC754 /* OffsetKey.swift in Sources */,
				104BAB25292CCE3100739B2C /* FilePickerButton.swift in Sources */,
				102F38D129336BF5001E1FD5 /* RealmCoopSchedule.swift in Sources */,
				10DC18C02943DAEF009EB01C /* CornerRadius.swift in Sources */,
			);
			runOnlyForDeploymentPostprocessing = 0;
		};
/* End PBXSourcesBuildPhase section */

/* Begin PBXVariantGroup section */
		1077DD92293D3A4800786CD0 /* Localizable.strings */ = {
			isa = PBXVariantGroup;
			children = (
				1077DD91293D3A4800786CD0 /* en */,
				1077DD93293D3A4B00786CD0 /* zh-Hans */,
				1077DD94293D3A4C00786CD0 /* zh-Hant */,
				1077DD95293D3A4D00786CD0 /* en-GB */,
				1077DD96293D3A4D00786CD0 /* fr */,
				1077DD97293D3A4E00786CD0 /* ja */,
				1077DD98293D3A4F00786CD0 /* fr-CA */,
				1077DD99293D3A5200786CD0 /* de */,
				1077DD9A293D3A5200786CD0 /* nl */,
				1077DD9B293D3A5300786CD0 /* ko */,
				1077DD9C293D3A5400786CD0 /* ru */,
				1077DD9D293D3A5400786CD0 /* es */,
				1077DD9E293D3A5400786CD0 /* es-MX */,
			);
			name = Localizable.strings;
			sourceTree = "<group>";
		};
/* End PBXVariantGroup section */

/* Begin XCBuildConfiguration section */
		104BAB11292CBB0000739B2C /* Debug */ = {
			isa = XCBuildConfiguration;
			buildSettings = {
				ALWAYS_SEARCH_USER_PATHS = NO;
				CLANG_ANALYZER_LOCALIZABILITY_NONLOCALIZED = YES;
				CLANG_ANALYZER_NONNULL = YES;
				CLANG_ANALYZER_NUMBER_OBJECT_CONVERSION = YES_AGGRESSIVE;
				CLANG_CXX_LANGUAGE_STANDARD = "gnu++20";
				CLANG_ENABLE_MODULES = YES;
				CLANG_ENABLE_OBJC_ARC = YES;
				CLANG_ENABLE_OBJC_WEAK = YES;
				CLANG_WARN_BLOCK_CAPTURE_AUTORELEASING = YES;
				CLANG_WARN_BOOL_CONVERSION = YES;
				CLANG_WARN_COMMA = YES;
				CLANG_WARN_CONSTANT_CONVERSION = YES;
				CLANG_WARN_DEPRECATED_OBJC_IMPLEMENTATIONS = YES;
				CLANG_WARN_DIRECT_OBJC_ISA_USAGE = YES_ERROR;
				CLANG_WARN_DOCUMENTATION_COMMENTS = YES;
				CLANG_WARN_EMPTY_BODY = YES;
				CLANG_WARN_ENUM_CONVERSION = YES;
				CLANG_WARN_INFINITE_RECURSION = YES;
				CLANG_WARN_INT_CONVERSION = YES;
				CLANG_WARN_NON_LITERAL_NULL_CONVERSION = YES;
				CLANG_WARN_OBJC_IMPLICIT_RETAIN_SELF = YES;
				CLANG_WARN_OBJC_LITERAL_CONVERSION = YES;
				CLANG_WARN_OBJC_ROOT_CLASS = YES_ERROR;
				CLANG_WARN_QUOTED_INCLUDE_IN_FRAMEWORK_HEADER = YES;
				CLANG_WARN_RANGE_LOOP_ANALYSIS = YES;
				CLANG_WARN_STRICT_PROTOTYPES = YES;
				CLANG_WARN_SUSPICIOUS_MOVE = YES;
				CLANG_WARN_UNGUARDED_AVAILABILITY = YES_AGGRESSIVE;
				CLANG_WARN_UNREACHABLE_CODE = YES;
				CLANG_WARN__DUPLICATE_METHOD_MATCH = YES;
				COPY_PHASE_STRIP = NO;
				DEBUG_INFORMATION_FORMAT = dwarf;
				ENABLE_STRICT_OBJC_MSGSEND = YES;
				ENABLE_TESTABILITY = YES;
				GCC_C_LANGUAGE_STANDARD = gnu11;
				GCC_DYNAMIC_NO_PIC = NO;
				GCC_NO_COMMON_BLOCKS = YES;
				GCC_OPTIMIZATION_LEVEL = 0;
				GCC_PREPROCESSOR_DEFINITIONS = (
					"DEBUG=1",
					"$(inherited)",
				);
				GCC_WARN_64_TO_32_BIT_CONVERSION = YES;
				GCC_WARN_ABOUT_RETURN_TYPE = YES_ERROR;
				GCC_WARN_UNDECLARED_SELECTOR = YES;
				GCC_WARN_UNINITIALIZED_AUTOS = YES_AGGRESSIVE;
				GCC_WARN_UNUSED_FUNCTION = YES;
				GCC_WARN_UNUSED_VARIABLE = YES;
				IPHONEOS_DEPLOYMENT_TARGET = 15.0;
				MTL_ENABLE_DEBUG_INFO = INCLUDE_SOURCE;
				MTL_FAST_MATH = YES;
				ONLY_ACTIVE_ARCH = YES;
				SDKROOT = iphoneos;
				SWIFT_ACTIVE_COMPILATION_CONDITIONS = DEBUG;
				SWIFT_OPTIMIZATION_LEVEL = "-Onone";
			};
			name = Debug;
		};
		104BAB12292CBB0000739B2C /* Release */ = {
			isa = XCBuildConfiguration;
			buildSettings = {
				ALWAYS_SEARCH_USER_PATHS = NO;
				CLANG_ANALYZER_LOCALIZABILITY_NONLOCALIZED = YES;
				CLANG_ANALYZER_NONNULL = YES;
				CLANG_ANALYZER_NUMBER_OBJECT_CONVERSION = YES_AGGRESSIVE;
				CLANG_CXX_LANGUAGE_STANDARD = "gnu++20";
				CLANG_ENABLE_MODULES = YES;
				CLANG_ENABLE_OBJC_ARC = YES;
				CLANG_ENABLE_OBJC_WEAK = YES;
				CLANG_WARN_BLOCK_CAPTURE_AUTORELEASING = YES;
				CLANG_WARN_BOOL_CONVERSION = YES;
				CLANG_WARN_COMMA = YES;
				CLANG_WARN_CONSTANT_CONVERSION = YES;
				CLANG_WARN_DEPRECATED_OBJC_IMPLEMENTATIONS = YES;
				CLANG_WARN_DIRECT_OBJC_ISA_USAGE = YES_ERROR;
				CLANG_WARN_DOCUMENTATION_COMMENTS = YES;
				CLANG_WARN_EMPTY_BODY = YES;
				CLANG_WARN_ENUM_CONVERSION = YES;
				CLANG_WARN_INFINITE_RECURSION = YES;
				CLANG_WARN_INT_CONVERSION = YES;
				CLANG_WARN_NON_LITERAL_NULL_CONVERSION = YES;
				CLANG_WARN_OBJC_IMPLICIT_RETAIN_SELF = YES;
				CLANG_WARN_OBJC_LITERAL_CONVERSION = YES;
				CLANG_WARN_OBJC_ROOT_CLASS = YES_ERROR;
				CLANG_WARN_QUOTED_INCLUDE_IN_FRAMEWORK_HEADER = YES;
				CLANG_WARN_RANGE_LOOP_ANALYSIS = YES;
				CLANG_WARN_STRICT_PROTOTYPES = YES;
				CLANG_WARN_SUSPICIOUS_MOVE = YES;
				CLANG_WARN_UNGUARDED_AVAILABILITY = YES_AGGRESSIVE;
				CLANG_WARN_UNREACHABLE_CODE = YES;
				CLANG_WARN__DUPLICATE_METHOD_MATCH = YES;
				COPY_PHASE_STRIP = NO;
				DEBUG_INFORMATION_FORMAT = "dwarf-with-dsym";
				ENABLE_NS_ASSERTIONS = NO;
				ENABLE_STRICT_OBJC_MSGSEND = YES;
				GCC_C_LANGUAGE_STANDARD = gnu11;
				GCC_NO_COMMON_BLOCKS = YES;
				GCC_WARN_64_TO_32_BIT_CONVERSION = YES;
				GCC_WARN_ABOUT_RETURN_TYPE = YES_ERROR;
				GCC_WARN_UNDECLARED_SELECTOR = YES;
				GCC_WARN_UNINITIALIZED_AUTOS = YES_AGGRESSIVE;
				GCC_WARN_UNUSED_FUNCTION = YES;
				GCC_WARN_UNUSED_VARIABLE = YES;
				IPHONEOS_DEPLOYMENT_TARGET = 15.0;
				MTL_ENABLE_DEBUG_INFO = NO;
				MTL_FAST_MATH = YES;
				ONLY_ACTIVE_ARCH = YES;
				SDKROOT = iphoneos;
				SWIFT_COMPILATION_MODE = wholemodule;
				SWIFT_OPTIMIZATION_LEVEL = "-O";
				VALIDATE_PRODUCT = YES;
			};
			name = Release;
		};
		104BAB14292CBB0000739B2C /* Debug */ = {
			isa = XCBuildConfiguration;
			buildSettings = {
				ASSETCATALOG_COMPILER_APPICON_NAME = AppIcon;
				ASSETCATALOG_COMPILER_GLOBAL_ACCENT_COLOR_NAME = AccentColor;
				CODE_SIGN_STYLE = Automatic;
				CURRENT_PROJECT_VERSION = 51;
				DEVELOPMENT_ASSET_PATHS = "\"salmonia3plus/Preview Content\"";
				DEVELOPMENT_TEAM = D9HU6JZF2Q;
				ENABLE_PREVIEWS = YES;
				GENERATE_INFOPLIST_FILE = YES;
				INFOPLIST_FILE = salmonia3plus/Info.plist;
				INFOPLIST_KEY_CFBundleDisplayName = "Salmonia3+";
				INFOPLIST_KEY_LSApplicationCategoryType = "public.app-category.utilities";
				INFOPLIST_KEY_LSSupportsOpeningDocumentsInPlace = YES;
				INFOPLIST_KEY_NSPhotoLibraryAddUsageDescription = NSPhotoLibraryAdditionsUsageDescription;
				INFOPLIST_KEY_NSPhotoLibraryUsageDescription = NSPhotoLibraryUsageDescription;
				INFOPLIST_KEY_NSUserTrackingUsageDescription = NSTrackingUsageDescription;
				INFOPLIST_KEY_UIApplicationSceneManifest_Generation = YES;
				INFOPLIST_KEY_UIApplicationSupportsIndirectInputEvents = YES;
				INFOPLIST_KEY_UILaunchScreen_Generation = YES;
				INFOPLIST_KEY_UISupportedInterfaceOrientations = UIInterfaceOrientationPortrait;
				INFOPLIST_KEY_UISupportedInterfaceOrientations_iPad = "UIInterfaceOrientationLandscapeLeft UIInterfaceOrientationLandscapeRight UIInterfaceOrientationPortrait UIInterfaceOrientationPortraitUpsideDown";
				IPHONEOS_DEPLOYMENT_TARGET = 15.0;
				LD_QUOTE_LINKER_ARGUMENTS_FOR_COMPILER_DRIVER = YES;
				LD_RUNPATH_SEARCH_PATHS = (
					"$(inherited)",
					"@executable_path/Frameworks",
				);
				MARKETING_VERSION = 2.0.0;
				OTHER_LDFLAGS = "";
				PRODUCT_BUNDLE_IDENTIFIER = work.tkgstrator.salmonia3plus;
				PRODUCT_NAME = "$(TARGET_NAME)";
				SWIFT_EMIT_LOC_STRINGS = YES;
				SWIFT_VERSION = 5.0;
				TARGETED_DEVICE_FAMILY = "1,2";
			};
			name = Debug;
		};
		104BAB15292CBB0000739B2C /* Release */ = {
			isa = XCBuildConfiguration;
			buildSettings = {
				ASSETCATALOG_COMPILER_APPICON_NAME = AppIcon;
				ASSETCATALOG_COMPILER_GLOBAL_ACCENT_COLOR_NAME = AccentColor;
				CODE_SIGN_STYLE = Automatic;
				CURRENT_PROJECT_VERSION = 51;
				DEVELOPMENT_ASSET_PATHS = "\"salmonia3plus/Preview Content\"";
				DEVELOPMENT_TEAM = D9HU6JZF2Q;
				ENABLE_PREVIEWS = YES;
				GENERATE_INFOPLIST_FILE = YES;
				INFOPLIST_FILE = salmonia3plus/Info.plist;
				INFOPLIST_KEY_CFBundleDisplayName = "Salmonia3+";
				INFOPLIST_KEY_LSApplicationCategoryType = "public.app-category.utilities";
				INFOPLIST_KEY_LSSupportsOpeningDocumentsInPlace = YES;
				INFOPLIST_KEY_NSPhotoLibraryAddUsageDescription = NSPhotoLibraryAdditionsUsageDescription;
				INFOPLIST_KEY_NSPhotoLibraryUsageDescription = NSPhotoLibraryUsageDescription;
				INFOPLIST_KEY_NSUserTrackingUsageDescription = NSTrackingUsageDescription;
				INFOPLIST_KEY_UIApplicationSceneManifest_Generation = YES;
				INFOPLIST_KEY_UIApplicationSupportsIndirectInputEvents = YES;
				INFOPLIST_KEY_UILaunchScreen_Generation = YES;
				INFOPLIST_KEY_UISupportedInterfaceOrientations = UIInterfaceOrientationPortrait;
				INFOPLIST_KEY_UISupportedInterfaceOrientations_iPad = "UIInterfaceOrientationLandscapeLeft UIInterfaceOrientationLandscapeRight UIInterfaceOrientationPortrait UIInterfaceOrientationPortraitUpsideDown";
				IPHONEOS_DEPLOYMENT_TARGET = 15.0;
				LD_QUOTE_LINKER_ARGUMENTS_FOR_COMPILER_DRIVER = YES;
				LD_RUNPATH_SEARCH_PATHS = (
					"$(inherited)",
					"@executable_path/Frameworks",
				);
				MARKETING_VERSION = 2.0.0;
				OTHER_LDFLAGS = "";
				PRODUCT_BUNDLE_IDENTIFIER = work.tkgstrator.salmonia3plus;
				PRODUCT_NAME = "$(TARGET_NAME)";
				SWIFT_EMIT_LOC_STRINGS = YES;
				SWIFT_VERSION = 5.0;
				TARGETED_DEVICE_FAMILY = "1,2";
			};
			name = Release;
		};
/* End XCBuildConfiguration section */

/* Begin XCConfigurationList section */
		104BAAEA292CBAFF00739B2C /* Build configuration list for PBXProject "salmonia3plus" */ = {
			isa = XCConfigurationList;
			buildConfigurations = (
				104BAB11292CBB0000739B2C /* Debug */,
				104BAB12292CBB0000739B2C /* Release */,
			);
			defaultConfigurationIsVisible = 0;
			defaultConfigurationName = Release;
		};
		104BAB13292CBB0000739B2C /* Build configuration list for PBXNativeTarget "salmonia3plus" */ = {
			isa = XCConfigurationList;
			buildConfigurations = (
				104BAB14292CBB0000739B2C /* Debug */,
				104BAB15292CBB0000739B2C /* Release */,
			);
			defaultConfigurationIsVisible = 0;
			defaultConfigurationName = Release;
		};
/* End XCConfigurationList section */

/* Begin XCRemoteSwiftPackageReference section */
		104BAB29292CDD1700739B2C /* XCRemoteSwiftPackageReference "realm-swift" */ = {
			isa = XCRemoteSwiftPackageReference;
			repositoryURL = "https://github.com/realm/realm-swift";
			requirement = {
				branch = master;
				kind = branch;
			};
		};
		10765BC7294B4EB6008FC754 /* XCRemoteSwiftPackageReference "SDWebImageSwiftUI" */ = {
			isa = XCRemoteSwiftPackageReference;
			repositoryURL = "https://github.com/SDWebImage/SDWebImageSwiftUI";
			requirement = {
				branch = master;
				kind = branch;
			};
		};
		10D69C82293BDD770098CC64 /* XCRemoteSwiftPackageReference "ZIPFoundation" */ = {
			isa = XCRemoteSwiftPackageReference;
			repositoryURL = "https://github.com/weichsel/ZIPFoundation";
			requirement = {
				kind = upToNextMajorVersion;
				minimumVersion = 0.9.9;
			};
		};
		10DC185829422361009EB01C /* XCRemoteSwiftPackageReference "SwiftUI-Introspect" */ = {
			isa = XCRemoteSwiftPackageReference;
			repositoryURL = "https://github.com/siteline/SwiftUI-Introspect";
			requirement = {
				branch = master;
				kind = branch;
			};
		};
/* End XCRemoteSwiftPackageReference section */

/* Begin XCSwiftPackageProductDependency section */
		10403BF22938F46A003D10BA /* SplatNet3 */ = {
			isa = XCSwiftPackageProductDependency;
			productName = SplatNet3;
		};
		104BAB2A292CDD1700739B2C /* RealmSwift */ = {
			isa = XCSwiftPackageProductDependency;
			package = 104BAB29292CDD1700739B2C /* XCRemoteSwiftPackageReference "realm-swift" */;
			productName = RealmSwift;
		};
		10765BC8294B4EB6008FC754 /* SDWebImageSwiftUI */ = {
			isa = XCSwiftPackageProductDependency;
			package = 10765BC7294B4EB6008FC754 /* XCRemoteSwiftPackageReference "SDWebImageSwiftUI" */;
			productName = SDWebImageSwiftUI;
		};
		10D69C83293BDD770098CC64 /* ZIPFoundation */ = {
			isa = XCSwiftPackageProductDependency;
			package = 10D69C82293BDD770098CC64 /* XCRemoteSwiftPackageReference "ZIPFoundation" */;
			productName = ZIPFoundation;
		};
		10DC185929422361009EB01C /* Introspect */ = {
			isa = XCSwiftPackageProductDependency;
			package = 10DC185829422361009EB01C /* XCRemoteSwiftPackageReference "SwiftUI-Introspect" */;
			productName = Introspect;
		};
/* End XCSwiftPackageProductDependency section */
	};
	rootObject = 104BAAE7292CBAFF00739B2C /* Project object */;
}
